
Microsoft Visual Studio Solution File, Format Version 12.00
# Visual Studio Version 17
VisualStudioVersion = 17.1.32421.90
MinimumVisualStudioVersion = 10.0.40219.1
Project("{2150E333-8FDC-42A3-9474-1A3956D46DE8}") = "Examples", "Examples", "{08D5D04A-D085-4DD3-A9DE-A47DF7C1A001}"
EndProject
Project("{FAE04EC0-301F-11D3-BF4B-00C04F79EFBC}") = "Button", "Examples\Button\Button.csproj", "{0344D170-AFE2-46C5-B153-9EDA4ECE70D5}"
EndProject
Project("{FAE04EC0-301F-11D3-BF4B-00C04F79EFBC}") = "Blink", "Examples\Blink\Blink.csproj", "{19679821-89C7-40F0-83BB-5FAA0FB9A967}"
EndProject
Project("{FAE04EC0-301F-11D3-BF4B-00C04F79EFBC}") = "I2C-Scan", "Examples\I2C-Scan\I2C-Scan.csproj", "{40F00CF0-9751-47CE-9FD9-43E47CF6DF32}"
EndProject
Project("{FAE04EC0-301F-11D3-BF4B-00C04F79EFBC}") = "Timer-PulseIn", "Examples\Timer-PulseIn\Timer-PulseIn.csproj", "{0EA973E1-86F1-4043-857C-BF84CDBA65A4}"
EndProject
Project("{FAE04EC0-301F-11D3-BF4B-00C04F79EFBC}") = "PWM-Slider", "Examples\PWM-Slider\PWM-Slider.csproj", "{B377669E-75BD-42DA-B4CF-A7BA82269BD8}"
EndProject
Project("{FAE04EC0-301F-11D3-BF4B-00C04F79EFBC}") = "ADC-AnalogRead", "Examples\ADC-AnalogRead\ADC-AnalogRead.csproj", "{7FEE119A-EF14-4A99-BADE-AEFC913160F5}"
EndProject
Project("{FAE04EC0-301F-11D3-BF4B-00C04F79EFBC}") = "SPI-MCP4922", "Examples\SPI-MCP4922\SPI-MCP4922.csproj", "{F205FEE9-14EA-4E79-87A6-A12CF01E18E5}"
EndProject
Project("{FAE04EC0-301F-11D3-BF4B-00C04F79EFBC}") = "I2C-BH1750", "Examples\I2C-BH1750\I2C-BH1750.csproj", "{6DED1D5C-E919-47A3-B5D0-134D26DD49D5}"
EndProject
Project("{FAE04EC0-301F-11D3-BF4B-00C04F79EFBC}") = "I2C-LiquidCrystal", "Examples\I2C-LiquidCrystal\I2C-LiquidCrystal.csproj", "{F8699489-4BA2-4979-A0B8-D72F706752FF}"
EndProject
Project("{FAE04EC0-301F-11D3-BF4B-00C04F79EFBC}") = "I2C-PCA9555", "Examples\I2C-PCA9555\I2C-PCA9555.csproj", "{A470EF62-4ECB-4D85-9F67-08BB38373C9C}"
EndProject
Project("{9A19103F-16F7-4668-BE54-9A1E7A4F7556}") = "FastIOW", "FastIOW\FastIOW.csproj", "{7521A9CD-F7A0-4EB1-90E3-FC348F07C734}"
EndProject
Project("{9A19103F-16F7-4668-BE54-9A1E7A4F7556}") = "Blink-NetCore", "Examples\Blink-NetCore\Blink-NetCore.csproj", "{91E69041-1616-4595-9D86-C76B4969AD7D}"
EndProject
Project("{FAE04EC0-301F-11D3-BF4B-00C04F79EFBC}") = "I2C-BME280", "Examples\I2C-BME280\I2C-BME280.csproj", "{F210F04E-EAA9-471C-94DA-B8C1C155931D}"
EndProject
Project("{FAE04EC0-301F-11D3-BF4B-00C04F79EFBC}") = "I2C-BMP280", "Examples\I2C-BMP280\I2C-BMP280.csproj", "{CFBDCA41-BD00-4DE6-BEBC-F7F8A8F4867B}"
EndProject
Global
	GlobalSection(SolutionConfigurationPlatforms) = preSolution
		Debug|Any CPU = Debug|Any CPU
		Release|Any CPU = Release|Any CPU
	EndGlobalSection
	GlobalSection(ProjectConfigurationPlatforms) = postSolution
		{0344D170-AFE2-46C5-B153-9EDA4ECE70D5}.Debug|Any CPU.ActiveCfg = Debug|Any CPU
		{0344D170-AFE2-46C5-B153-9EDA4ECE70D5}.Debug|Any CPU.Build.0 = Debug|Any CPU
		{0344D170-AFE2-46C5-B153-9EDA4ECE70D5}.Release|Any CPU.ActiveCfg = Release|Any CPU
		{0344D170-AFE2-46C5-B153-9EDA4ECE70D5}.Release|Any CPU.Build.0 = Release|Any CPU
		{19679821-89C7-40F0-83BB-5FAA0FB9A967}.Debug|Any CPU.ActiveCfg = Debug|Any CPU
		{19679821-89C7-40F0-83BB-5FAA0FB9A967}.Debug|Any CPU.Build.0 = Debug|Any CPU
		{19679821-89C7-40F0-83BB-5FAA0FB9A967}.Release|Any CPU.ActiveCfg = Release|Any CPU
		{19679821-89C7-40F0-83BB-5FAA0FB9A967}.Release|Any CPU.Build.0 = Release|Any CPU
		{40F00CF0-9751-47CE-9FD9-43E47CF6DF32}.Debug|Any CPU.ActiveCfg = Debug|Any CPU
		{40F00CF0-9751-47CE-9FD9-43E47CF6DF32}.Debug|Any CPU.Build.0 = Debug|Any CPU
		{40F00CF0-9751-47CE-9FD9-43E47CF6DF32}.Release|Any CPU.ActiveCfg = Release|Any CPU
		{40F00CF0-9751-47CE-9FD9-43E47CF6DF32}.Release|Any CPU.Build.0 = Release|Any CPU
		{0EA973E1-86F1-4043-857C-BF84CDBA65A4}.Debug|Any CPU.ActiveCfg = Debug|Any CPU
		{0EA973E1-86F1-4043-857C-BF84CDBA65A4}.Debug|Any CPU.Build.0 = Debug|Any CPU
		{0EA973E1-86F1-4043-857C-BF84CDBA65A4}.Release|Any CPU.ActiveCfg = Release|Any CPU
		{0EA973E1-86F1-4043-857C-BF84CDBA65A4}.Release|Any CPU.Build.0 = Release|Any CPU
		{B377669E-75BD-42DA-B4CF-A7BA82269BD8}.Debug|Any CPU.ActiveCfg = Debug|Any CPU
		{B377669E-75BD-42DA-B4CF-A7BA82269BD8}.Debug|Any CPU.Build.0 = Debug|Any CPU
		{B377669E-75BD-42DA-B4CF-A7BA82269BD8}.Release|Any CPU.ActiveCfg = Release|Any CPU
		{B377669E-75BD-42DA-B4CF-A7BA82269BD8}.Release|Any CPU.Build.0 = Release|Any CPU
		{7FEE119A-EF14-4A99-BADE-AEFC913160F5}.Debug|Any CPU.ActiveCfg = Debug|Any CPU
		{7FEE119A-EF14-4A99-BADE-AEFC913160F5}.Debug|Any CPU.Build.0 = Debug|Any CPU
		{7FEE119A-EF14-4A99-BADE-AEFC913160F5}.Release|Any CPU.ActiveCfg = Release|Any CPU
		{7FEE119A-EF14-4A99-BADE-AEFC913160F5}.Release|Any CPU.Build.0 = Release|Any CPU
		{F205FEE9-14EA-4E79-87A6-A12CF01E18E5}.Debug|Any CPU.ActiveCfg = Debug|Any CPU
		{F205FEE9-14EA-4E79-87A6-A12CF01E18E5}.Debug|Any CPU.Build.0 = Debug|Any CPU
		{F205FEE9-14EA-4E79-87A6-A12CF01E18E5}.Release|Any CPU.ActiveCfg = Release|Any CPU
		{F205FEE9-14EA-4E79-87A6-A12CF01E18E5}.Release|Any CPU.Build.0 = Release|Any CPU
		{6DED1D5C-E919-47A3-B5D0-134D26DD49D5}.Debug|Any CPU.ActiveCfg = Debug|Any CPU
		{6DED1D5C-E919-47A3-B5D0-134D26DD49D5}.Debug|Any CPU.Build.0 = Debug|Any CPU
		{6DED1D5C-E919-47A3-B5D0-134D26DD49D5}.Release|Any CPU.ActiveCfg = Release|Any CPU
		{6DED1D5C-E919-47A3-B5D0-134D26DD49D5}.Release|Any CPU.Build.0 = Release|Any CPU
		{F8699489-4BA2-4979-A0B8-D72F706752FF}.Debug|Any CPU.ActiveCfg = Debug|Any CPU
		{F8699489-4BA2-4979-A0B8-D72F706752FF}.Debug|Any CPU.Build.0 = Debug|Any CPU
		{F8699489-4BA2-4979-A0B8-D72F706752FF}.Release|Any CPU.ActiveCfg = Release|Any CPU
		{F8699489-4BA2-4979-A0B8-D72F706752FF}.Release|Any CPU.Build.0 = Release|Any CPU
		{A470EF62-4ECB-4D85-9F67-08BB38373C9C}.Debug|Any CPU.ActiveCfg = Debug|Any CPU
		{A470EF62-4ECB-4D85-9F67-08BB38373C9C}.Debug|Any CPU.Build.0 = Debug|Any CPU
		{A470EF62-4ECB-4D85-9F67-08BB38373C9C}.Release|Any CPU.ActiveCfg = Release|Any CPU
		{A470EF62-4ECB-4D85-9F67-08BB38373C9C}.Release|Any CPU.Build.0 = Release|Any CPU
		{7521A9CD-F7A0-4EB1-90E3-FC348F07C734}.Debug|Any CPU.ActiveCfg = Debug|Any CPU
		{7521A9CD-F7A0-4EB1-90E3-FC348F07C734}.Debug|Any CPU.Build.0 = Debug|Any CPU
		{7521A9CD-F7A0-4EB1-90E3-FC348F07C734}.Release|Any CPU.ActiveCfg = Release|Any CPU
		{7521A9CD-F7A0-4EB1-90E3-FC348F07C734}.Release|Any CPU.Build.0 = Release|Any CPU
		{91E69041-1616-4595-9D86-C76B4969AD7D}.Debug|Any CPU.ActiveCfg = Debug|Any CPU
		{91E69041-1616-4595-9D86-C76B4969AD7D}.Debug|Any CPU.Build.0 = Debug|Any CPU
		{91E69041-1616-4595-9D86-C76B4969AD7D}.Release|Any CPU.ActiveCfg = Release|Any CPU
		{91E69041-1616-4595-9D86-C76B4969AD7D}.Release|Any CPU.Build.0 = Release|Any CPU
		{F210F04E-EAA9-471C-94DA-B8C1C155931D}.Debug|Any CPU.ActiveCfg = Debug|Any CPU
		{F210F04E-EAA9-471C-94DA-B8C1C155931D}.Debug|Any CPU.Build.0 = Debug|Any CPU
		{F210F04E-EAA9-471C-94DA-B8C1C155931D}.Release|Any CPU.ActiveCfg = Release|Any CPU
		{F210F04E-EAA9-471C-94DA-B8C1C155931D}.Release|Any CPU.Build.0 = Release|Any CPU
		{CFBDCA41-BD00-4DE6-BEBC-F7F8A8F4867B}.Debug|Any CPU.ActiveCfg = Debug|Any CPU
		{CFBDCA41-BD00-4DE6-BEBC-F7F8A8F4867B}.Debug|Any CPU.Build.0 = Debug|Any CPU
		{CFBDCA41-BD00-4DE6-BEBC-F7F8A8F4867B}.Release|Any CPU.ActiveCfg = Release|Any CPU
		{CFBDCA41-BD00-4DE6-BEBC-F7F8A8F4867B}.Release|Any CPU.Build.0 = Release|Any CPU
	EndGlobalSection
	GlobalSection(SolutionProperties) = preSolution
		HideSolutionNode = FALSE
	EndGlobalSection
	GlobalSection(NestedProjects) = preSolution
		{0344D170-AFE2-46C5-B153-9EDA4ECE70D5} = {08D5D04A-D085-4DD3-A9DE-A47DF7C1A001}
		{19679821-89C7-40F0-83BB-5FAA0FB9A967} = {08D5D04A-D085-4DD3-A9DE-A47DF7C1A001}
		{40F00CF0-9751-47CE-9FD9-43E47CF6DF32} = {08D5D04A-D085-4DD3-A9DE-A47DF7C1A001}
		{0EA973E1-86F1-4043-857C-BF84CDBA65A4} = {08D5D04A-D085-4DD3-A9DE-A47DF7C1A001}
		{B377669E-75BD-42DA-B4CF-A7BA82269BD8} = {08D5D04A-D085-4DD3-A9DE-A47DF7C1A001}
		{7FEE119A-EF14-4A99-BADE-AEFC913160F5} = {08D5D04A-D085-4DD3-A9DE-A47DF7C1A001}
		{F205FEE9-14EA-4E79-87A6-A12CF01E18E5} = {08D5D04A-D085-4DD3-A9DE-A47DF7C1A001}
		{6DED1D5C-E919-47A3-B5D0-134D26DD49D5} = {08D5D04A-D085-4DD3-A9DE-A47DF7C1A001}
		{F8699489-4BA2-4979-A0B8-D72F706752FF} = {08D5D04A-D085-4DD3-A9DE-A47DF7C1A001}
		{A470EF62-4ECB-4D85-9F67-08BB38373C9C} = {08D5D04A-D085-4DD3-A9DE-A47DF7C1A001}
		{91E69041-1616-4595-9D86-C76B4969AD7D} = {08D5D04A-D085-4DD3-A9DE-A47DF7C1A001}
		{F210F04E-EAA9-471C-94DA-B8C1C155931D} = {08D5D04A-D085-4DD3-A9DE-A47DF7C1A001}
		{CFBDCA41-BD00-4DE6-BEBC-F7F8A8F4867B} = {08D5D04A-D085-4DD3-A9DE-A47DF7C1A001}
	EndGlobalSection
	GlobalSection(ExtensibilityGlobals) = postSolution
		SolutionGuid = {95645FCD-F4F6-40A1-8A3C-FACC6131D16F}
	EndGlobalSection
EndGlobal
