
Microsoft Visual Studio Solution File, Format Version 12.00
# Visual Studio Version 16
VisualStudioVersion = 16.0.29920.165
MinimumVisualStudioVersion = 10.0.40219.1
Project("{FAE04EC0-301F-11D3-BF4B-00C04F79EFBC}") = "FastIOW", "FastIOW\FastIOW.csproj", "{83EB95D8-EA60-4D21-B2A2-1FF65255F98B}"
EndProject
Global
	GlobalSection(SolutionConfigurationPlatforms) = preSolution
		Debug|Any CPU = Debug|Any CPU
		Release|Any CPU = Release|Any CPU
	EndGlobalSection
	GlobalSection(ProjectConfigurationPlatforms) = postSolution
		{83EB95D8-EA60-4D21-B2A2-1FF65255F98B}.Debug|Any CPU.ActiveCfg = Debug|Any CPU
		{83EB95D8-EA60-4D21-B2A2-1FF65255F98B}.Debug|Any CPU.Build.0 = Debug|Any CPU
		{83EB95D8-EA60-4D21-B2A2-1FF65255F98B}.Release|Any CPU.ActiveCfg = Release|Any CPU
		{83EB95D8-EA60-4D21-B2A2-1FF65255F98B}.Release|Any CPU.Build.0 = Release|Any CPU
	EndGlobalSection
	GlobalSection(SolutionProperties) = preSolution
		HideSolutionNode = FALSE
	EndGlobalSection
	GlobalSection(ExtensibilityGlobals) = postSolution
		SolutionGuid = {95645FCD-F4F6-40A1-8A3C-FACC6131D16F}
	EndGlobalSection
EndGlobal
